
Microsoft Visual Studio Solution File, Format Version 12.00
# Visual Studio Version 17
VisualStudioVersion = 17.14.36414.22 d17.14
MinimumVisualStudioVersion = 10.0.40219.1
Project("{FAE04EC0-301F-11D3-BF4B-00C04F79EFBC}") = "Collection1125_2025", "Collection1125_2025\Collection1125_2025.csproj", "{E954FDA2-A539-4183-99F0-DD7832D52B92}"
EndProject
Global
	GlobalSection(SolutionConfigurationPlatforms) = preSolution
		Debug|Any CPU = Debug|Any CPU
		Release|Any CPU = Release|Any CPU
	EndGlobalSection
	GlobalSection(ProjectConfigurationPlatforms) = postSolution
		{E954FDA2-A539-4183-99F0-DD7832D52B92}.Debug|Any CPU.ActiveCfg = Debug|Any CPU
		{E954FDA2-A539-4183-99F0-DD7832D52B92}.Debug|Any CPU.Build.0 = Debug|Any CPU
		{E954FDA2-A539-4183-99F0-DD7832D52B92}.Release|Any CPU.ActiveCfg = Release|Any CPU
		{E954FDA2-A539-4183-99F0-DD7832D52B92}.Release|Any CPU.Build.0 = Release|Any CPU
	EndGlobalSection
	GlobalSection(SolutionProperties) = preSolution
		HideSolutionNode = FALSE
	EndGlobalSection
	GlobalSection(ExtensibilityGlobals) = postSolution
		SolutionGuid = {527DF246-BF27-47F1-BB53-6F0387BE03C1}
	EndGlobalSection
EndGlobal
